
Microsoft Visual Studio Solution File, Format Version 12.00
# Visual Studio Version 17
VisualStudioVersion = 17.5.002.0
MinimumVisualStudioVersion = 10.0.40219.1
Project("{9A19103F-16F7-4668-BE54-9A1E7A4F7556}") = "test", "test\test.csproj", "{66F1426B-CE2F-4BD0-A5E5-DB39F37540FE}"
EndProject
Global
	GlobalSection(SolutionConfigurationPlatforms) = preSolution
		Debug|Any CPU = Debug|Any CPU
		Release|Any CPU = Release|Any CPU
	EndGlobalSection
	GlobalSection(ProjectConfigurationPlatforms) = postSolution
		{66F1426B-CE2F-4BD0-A5E5-DB39F37540FE}.Debug|Any CPU.ActiveCfg = Debug|Any CPU
		{66F1426B-CE2F-4BD0-A5E5-DB39F37540FE}.Debug|Any CPU.Build.0 = Debug|Any CPU
		{66F1426B-CE2F-4BD0-A5E5-DB39F37540FE}.Release|Any CPU.ActiveCfg = Release|Any CPU
		{66F1426B-CE2F-4BD0-A5E5-DB39F37540FE}.Release|Any CPU.Build.0 = Release|Any CPU
	EndGlobalSection
	GlobalSection(SolutionProperties) = preSolution
		HideSolutionNode = FALSE
	EndGlobalSection
	GlobalSection(ExtensibilityGlobals) = postSolution
		SolutionGuid = {960E8A06-F8FF-4C30-9890-6E66B0294E64}
	EndGlobalSection
EndGlobal
